{
  "name": "Eshop",
  "version": "8.0.0",
  "lockfileVersion": 1,
  "requires": true,
  "dependencies": {
    "paypal-express-checkout": {
      "version": "1.6.2",
      "resolved": "https://registry.npmjs.org/paypal-express-checkout/-/paypal-express-checkout-1.6.2.tgz",
      "integrity": "sha512-4Fs4McuRkqXjTE7Rew4617dejQqNMnXhWSvWMp+LlPbCDV+jw4mDcuQ7mHHBAoBWOB+IkYK6r1L1/r/iDCckiQ=="
    },
    "total.js": {
      "version": "2.9.30",
      "resolved": "https://registry.npmjs.org/total.js/-/total.js-2.9.30.tgz",
      "integrity": "sha512-Y0gUZaUKOi/tP088THubGaoYpvftMGmMbZJ5vOIFmGd4l5Z9hG3Q7DBk9tl6w/Ng7spO+aVinYMAMri0TnLR0Q=="
    }
  }
}
